{
  "name": "assets",
  "lockfileVersion": 2,
  "requires": true,
  "packages": {
    "": {
      "dependencies": {
        "dragdoll": "^0.4.0",
        "eventti": "^4.0.0",
        "mezr": "^1.1.0",
        "tikki": "^3.0.1"
      }
    },
    "node_modules/dragdoll": {
      "version": "0.4.0",
      "resolved": "https://registry.npmjs.org/dragdoll/-/dragdoll-0.4.0.tgz",
      "integrity": "sha512-OTItNaDB9cU7l1UKZkcTOVT3XiQM4wBxxJkVgqoaTb0ybSxKFX78Vq7qXReg+zCPrZcQVIwW+Hcik8VyShp7Lw==",
      "peerDependencies": {
        "eventti": "^4.0.0",
        "mezr": "^1.1.0",
        "tikki": "^3.0.1"
      }
    },
    "node_modules/eventti": {
      "version": "4.0.0",
      "resolved": "https://registry.npmjs.org/eventti/-/eventti-4.0.0.tgz",
      "integrity": "sha512-1fEd/Uq349E5GEagGDfU0DZX2K1xhWtcTBdTmX9vVNci0Vlo0SUQ4Yx0OgQMHx0PIZW4VRCFNqt2e5UW6qfSTA=="
    },
    "node_modules/mezr": {
      "version": "1.1.0",
      "resolved": "https://registry.npmjs.org/mezr/-/mezr-1.1.0.tgz",
      "integrity": "sha512-KGP0ZnmCHd8VepU4+91JdxnIBJ5KtAPY/qyyRFp+JhutVxumZodJyLHhi7aWJuqO9e0CIeJhypfMP2No9BNm+Q=="
    },
    "node_modules/tikki": {
      "version": "3.0.1",
      "resolved": "https://registry.npmjs.org/tikki/-/tikki-3.0.1.tgz",
      "integrity": "sha512-tspgQxMlGfNuByBcXcjc9Lms+HE91SmVec/NpLwQkxEmxqM1NWiX3WLHqGHixC6TyG1J9nNA3MdHUNfiNeJuMw==",
      "peerDependencies": {
        "eventti": "^4.0.0"
      }
    }
  },
  "dependencies": {
    "dragdoll": {
      "version": "0.4.0",
      "resolved": "https://registry.npmjs.org/dragdoll/-/dragdoll-0.4.0.tgz",
      "integrity": "sha512-OTItNaDB9cU7l1UKZkcTOVT3XiQM4wBxxJkVgqoaTb0ybSxKFX78Vq7qXReg+zCPrZcQVIwW+Hcik8VyShp7Lw==",
      "requires": {}
    },
    "eventti": {
      "version": "4.0.0",
      "resolved": "https://registry.npmjs.org/eventti/-/eventti-4.0.0.tgz",
      "integrity": "sha512-1fEd/Uq349E5GEagGDfU0DZX2K1xhWtcTBdTmX9vVNci0Vlo0SUQ4Yx0OgQMHx0PIZW4VRCFNqt2e5UW6qfSTA=="
    },
    "mezr": {
      "version": "1.1.0",
      "resolved": "https://registry.npmjs.org/mezr/-/mezr-1.1.0.tgz",
      "integrity": "sha512-KGP0ZnmCHd8VepU4+91JdxnIBJ5KtAPY/qyyRFp+JhutVxumZodJyLHhi7aWJuqO9e0CIeJhypfMP2No9BNm+Q=="
    },
    "tikki": {
      "version": "3.0.1",
      "resolved": "https://registry.npmjs.org/tikki/-/tikki-3.0.1.tgz",
      "integrity": "sha512-tspgQxMlGfNuByBcXcjc9Lms+HE91SmVec/NpLwQkxEmxqM1NWiX3WLHqGHixC6TyG1J9nNA3MdHUNfiNeJuMw==",
      "requires": {}
    }
  }
}
